lockfileVersion: '9.0'

settings:
  autoInstallPeers: true
  excludeLinksFromLockfile: false

importers:

  .:
    dependencies:
      playwright:
        specifier: ^1.45.1
        version: 1.45.1

packages:

  fsevents@2.3.2:
    resolution: {integrity: sha512-xiqMQR4xAeHTuB9uWm+fFRcIOgKBMiOBP+eXiyT7jsgVCq1bkVygt00oASowB7EdtpOHaaPgKt812P9ab+DDKA==}
    engines: {node: ^8.16.0 || ^10.6.0 || >=11.0.0}
    os: [darwin]

  playwright-core@1.45.1:
    resolution: {integrity: sha512-LF4CUUtrUu2TCpDw4mcrAIuYrEjVDfT1cHbJMfwnE2+1b8PZcFzPNgvZCvq2JfQ4aTjRCCHw5EJ2tmr2NSzdPg==}
    engines: {node: '>=18'}
    hasBin: true

  playwright@1.45.1:
    resolution: {integrity: sha512-Hjrgae4kpSQBr98nhCj3IScxVeVUixqj+5oyif8TdIn2opTCPEzqAqNMeK42i3cWDCVu9MI+ZsGWw+gVR4ISBg==}
    engines: {node: '>=18'}
    hasBin: true

snapshots:

  fsevents@2.3.2:
    optional: true

  playwright-core@1.45.1: {}

  playwright@1.45.1:
    dependencies:
      playwright-core: 1.45.1
    optionalDependencies:
      fsevents: 2.3.2
